
Microsoft Visual Studio Solution File, Format Version 12.00
# Visual Studio 14
VisualStudioVersion = 14.0.24720.0
MinimumVisualStudioVersion = 10.0.40219.1
Project("{2150E333-8FDC-42A3-9474-1A3956D46DE8}") = "src", "src", "{891A7D0F-8649-4016-BCA7-6FBC98B94794}"
EndProject
Project("{2150E333-8FDC-42A3-9474-1A3956D46DE8}") = "Solution Items", "Solution Items", "{C28DF948-EEB2-4F3B-A220-FB28F64189D8}"
	ProjectSection(SolutionItems) = preProject
		global.json = global.json
	EndProjectSection
EndProject
Project("{8BB2217D-0F2D-49D1-97BC-3654ED321F3B}") = "Samples.Engine.Core", "src\Samples.Engine.Core\Samples.Engine.Core.xproj", "{B6B126CB-BCF2-450F-989C-0B7806A2D62F}"
EndProject
Project("{FAE04EC0-301F-11D3-BF4B-00C04F79EFBC}") = "TestConsoleApp", "..\TestConsoleApp\TestConsoleApp.csproj", "{EFB04545-AB46-4341-A666-80D560661C33}"
EndProject
Global
	GlobalSection(SolutionConfigurationPlatforms) = preSolution
		Debug|Any CPU = Debug|Any CPU
		Release|Any CPU = Release|Any CPU
	EndGlobalSection
	GlobalSection(ProjectConfigurationPlatforms) = postSolution
		{B6B126CB-BCF2-450F-989C-0B7806A2D62F}.Debug|Any CPU.ActiveCfg = Debug|Any CPU
		{B6B126CB-BCF2-450F-989C-0B7806A2D62F}.Debug|Any CPU.Build.0 = Debug|Any CPU
		{B6B126CB-BCF2-450F-989C-0B7806A2D62F}.Release|Any CPU.ActiveCfg = Release|Any CPU
		{B6B126CB-BCF2-450F-989C-0B7806A2D62F}.Release|Any CPU.Build.0 = Release|Any CPU
		{EFB04545-AB46-4341-A666-80D560661C33}.Debug|Any CPU.ActiveCfg = Debug|Any CPU
		{EFB04545-AB46-4341-A666-80D560661C33}.Debug|Any CPU.Build.0 = Debug|Any CPU
		{EFB04545-AB46-4341-A666-80D560661C33}.Release|Any CPU.ActiveCfg = Release|Any CPU
		{EFB04545-AB46-4341-A666-80D560661C33}.Release|Any CPU.Build.0 = Release|Any CPU
	EndGlobalSection
	GlobalSection(SolutionProperties) = preSolution
		HideSolutionNode = FALSE
	EndGlobalSection
	GlobalSection(NestedProjects) = preSolution
		{B6B126CB-BCF2-450F-989C-0B7806A2D62F} = {891A7D0F-8649-4016-BCA7-6FBC98B94794}
		{EFB04545-AB46-4341-A666-80D560661C33} = {891A7D0F-8649-4016-BCA7-6FBC98B94794}
	EndGlobalSection
EndGlobal
